
Microsoft Visual Studio Solution File, Format Version 12.00
# Visual Studio Version 17
VisualStudioVersion = 17.0.31903.59
MinimumVisualStudioVersion = 10.0.40219.1
Project("{FAE04EC0-301F-11D3-BF4B-00C04F79EFBC}") = "TopicTest", "TopicTest\TopicTest.csproj", "{8B1C310A-D564-4D19-80F1-37120F4CCD4C}"
EndProject
Project("{FAE04EC0-301F-11D3-BF4B-00C04F79EFBC}") = "TopicList", "TopicList\TopicList.csproj", "{5244C41B-5E45-427E-8FA8-6397C19F36F2}"
EndProject
Project("{FAE04EC0-301F-11D3-BF4B-00C04F79EFBC}") = "Model", "Model\Model.csproj", "{BD2204AF-608A-4E22-B161-2373BB46AF3B}"
EndProject
Project("{FAE04EC0-301F-11D3-BF4B-00C04F79EFBC}") = "TopicNormal", "TopicNormal\TopicNormal.csproj", "{F14C979B-E818-48A8-A012-CFE8ACF0D80B}"
EndProject
Global
	GlobalSection(SolutionConfigurationPlatforms) = preSolution
		Debug|Any CPU = Debug|Any CPU
		Release|Any CPU = Release|Any CPU
	EndGlobalSection
	GlobalSection(SolutionProperties) = preSolution
		HideSolutionNode = FALSE
	EndGlobalSection
	GlobalSection(ProjectConfigurationPlatforms) = postSolution
		{8B1C310A-D564-4D19-80F1-37120F4CCD4C}.Debug|Any CPU.ActiveCfg = Debug|Any CPU
		{8B1C310A-D564-4D19-80F1-37120F4CCD4C}.Debug|Any CPU.Build.0 = Debug|Any CPU
		{8B1C310A-D564-4D19-80F1-37120F4CCD4C}.Release|Any CPU.ActiveCfg = Release|Any CPU
		{8B1C310A-D564-4D19-80F1-37120F4CCD4C}.Release|Any CPU.Build.0 = Release|Any CPU
		{5244C41B-5E45-427E-8FA8-6397C19F36F2}.Debug|Any CPU.ActiveCfg = Debug|Any CPU
		{5244C41B-5E45-427E-8FA8-6397C19F36F2}.Debug|Any CPU.Build.0 = Debug|Any CPU
		{5244C41B-5E45-427E-8FA8-6397C19F36F2}.Release|Any CPU.ActiveCfg = Release|Any CPU
		{5244C41B-5E45-427E-8FA8-6397C19F36F2}.Release|Any CPU.Build.0 = Release|Any CPU
		{BD2204AF-608A-4E22-B161-2373BB46AF3B}.Debug|Any CPU.ActiveCfg = Debug|Any CPU
		{BD2204AF-608A-4E22-B161-2373BB46AF3B}.Debug|Any CPU.Build.0 = Debug|Any CPU
		{BD2204AF-608A-4E22-B161-2373BB46AF3B}.Release|Any CPU.ActiveCfg = Release|Any CPU
		{BD2204AF-608A-4E22-B161-2373BB46AF3B}.Release|Any CPU.Build.0 = Release|Any CPU
		{F14C979B-E818-48A8-A012-CFE8ACF0D80B}.Debug|Any CPU.ActiveCfg = Debug|Any CPU
		{F14C979B-E818-48A8-A012-CFE8ACF0D80B}.Debug|Any CPU.Build.0 = Debug|Any CPU
		{F14C979B-E818-48A8-A012-CFE8ACF0D80B}.Release|Any CPU.ActiveCfg = Release|Any CPU
		{F14C979B-E818-48A8-A012-CFE8ACF0D80B}.Release|Any CPU.Build.0 = Release|Any CPU
	EndGlobalSection
EndGlobal
