
Microsoft Visual Studio Solution File, Format Version 12.00
# Visual Studio Version 17
VisualStudioVersion = 17.0.31903.59
MinimumVisualStudioVersion = 10.0.40219.1
Project("{2150E333-8FDC-42A3-9474-1A3956D46DE8}") = "WF.LeetCode", "WF.LeetCode", "{9A1154FC-1DAE-47F9-9C13-C0F493DE0A32}"
EndProject
Project("{2150E333-8FDC-42A3-9474-1A3956D46DE8}") = "WF.DesignPattern", "WF.DesignPattern", "{2A1ECBE3-D464-4E22-AE92-E04E05EE4DC8}"
EndProject
Project("{2150E333-8FDC-42A3-9474-1A3956D46DE8}") = "WF.MainTools", "WF.MainTools", "{D302FDA1-EED0-45EC-BBCB-8F591328DFC4}"
EndProject
Project("{9A19103F-16F7-4668-BE54-9A1E7A4F7556}") = "WF.LeetCode.Category", "WF.LeetCode\WF.LeetCode.Category\WF.LeetCode.Category.csproj", "{058309BD-8962-4F22-80BA-C1EC898D6919}"
EndProject
Project("{9A19103F-16F7-4668-BE54-9A1E7A4F7556}") = "WF.DesignPattern.Category", "WF.DesignPattern\WF.DesignPattern.Category\WF.DesignPattern.Category.csproj", "{760FC520-A61E-42E6-A1E9-C3607F207F5B}"
EndProject
Project("{9A19103F-16F7-4668-BE54-9A1E7A4F7556}") = "WF.DesignPattern.Commom", "WF.DesignPattern\WF.DesignPattern.Commom\WF.DesignPattern.Commom.csproj", "{00F4A029-564E-4E63-82D9-A44A9C77D786}"
EndProject
Project("{9A19103F-16F7-4668-BE54-9A1E7A4F7556}") = "WF.DesignPattern.UTest", "WF.DesignPattern\WF.DesignPattern.UTest\WF.DesignPattern.UTest.csproj", "{9F6EDAC7-A995-4400-A9FF-A0BA3B18BC3E}"
EndProject
Project("{9A19103F-16F7-4668-BE54-9A1E7A4F7556}") = "WF.LeetCode.Company", "WF.LeetCode\WF.LeetCode.Company\WF.LeetCode.Company.csproj", "{F2F91286-8B5F-4E07-AB71-AB6EC749A947}"
EndProject
Project("{9A19103F-16F7-4668-BE54-9A1E7A4F7556}") = "WF.LeetCode.UTest", "WF.LeetCode\WF.LeetCode.UTest\WF.LeetCode.UTest.csproj", "{6C3C5726-4D4D-425A-8E37-678B987348A4}"
EndProject
Project("{9A19103F-16F7-4668-BE54-9A1E7A4F7556}") = "WF.LetCode.Common", "WF.LeetCode\WF.LetCode.Common\WF.LetCode.Common.csproj", "{5BEDE602-BE0F-41C6-84C3-71F32CA68F70}"
EndProject
Project("{9A19103F-16F7-4668-BE54-9A1E7A4F7556}") = "MainTools", "MainTools\MainTools.csproj", "{99F3CD19-2B8C-48F0-A58C-9DB671B30C02}"
EndProject
Project("{9A19103F-16F7-4668-BE54-9A1E7A4F7556}") = "MainToolTest", "MainToolTest\MainToolTest.csproj", "{7EDD4687-74F4-4079-B659-9708D93B0308}"
EndProject
Project("{9A19103F-16F7-4668-BE54-9A1E7A4F7556}") = "MainToolModel", "MainToolModel\MainToolModel.csproj", "{CEAE3158-5BFD-45B5-967F-799A721B5A5D}"
EndProject
Project("{2150E333-8FDC-42A3-9474-1A3956D46DE8}") = "WF.MianApp", "WF.MianApp", "{282F7E64-5BAF-4C58-B27F-FE13B2A8FDD9}"
EndProject
Project("{9A19103F-16F7-4668-BE54-9A1E7A4F7556}") = "WF.AppForm", "WF.AppForm\WF.AppForm.csproj", "{1CB73F42-AAA7-4CE0-9786-6A63A966269C}"
EndProject
Project("{9A19103F-16F7-4668-BE54-9A1E7A4F7556}") = "WF.AppWeb", "WF.AppWeb\WF.AppWeb.csproj", "{C05EBC5D-EF22-45DE-B9BF-4910A274CF3B}"
EndProject
Project("{9A19103F-16F7-4668-BE54-9A1E7A4F7556}") = "WF.AppApi", "WF.AppApi\WF.AppApi.csproj", "{0872F0CC-729E-442E-988E-F9095B45341D}"
EndProject
Global
	GlobalSection(SolutionConfigurationPlatforms) = preSolution
		Debug|Any CPU = Debug|Any CPU
		Release|Any CPU = Release|Any CPU
	EndGlobalSection
	GlobalSection(ProjectConfigurationPlatforms) = postSolution
		{058309BD-8962-4F22-80BA-C1EC898D6919}.Debug|Any CPU.ActiveCfg = Debug|Any CPU
		{058309BD-8962-4F22-80BA-C1EC898D6919}.Debug|Any CPU.Build.0 = Debug|Any CPU
		{058309BD-8962-4F22-80BA-C1EC898D6919}.Release|Any CPU.ActiveCfg = Release|Any CPU
		{058309BD-8962-4F22-80BA-C1EC898D6919}.Release|Any CPU.Build.0 = Release|Any CPU
		{760FC520-A61E-42E6-A1E9-C3607F207F5B}.Debug|Any CPU.ActiveCfg = Debug|Any CPU
		{760FC520-A61E-42E6-A1E9-C3607F207F5B}.Debug|Any CPU.Build.0 = Debug|Any CPU
		{760FC520-A61E-42E6-A1E9-C3607F207F5B}.Release|Any CPU.ActiveCfg = Release|Any CPU
		{760FC520-A61E-42E6-A1E9-C3607F207F5B}.Release|Any CPU.Build.0 = Release|Any CPU
		{00F4A029-564E-4E63-82D9-A44A9C77D786}.Debug|Any CPU.ActiveCfg = Debug|Any CPU
		{00F4A029-564E-4E63-82D9-A44A9C77D786}.Debug|Any CPU.Build.0 = Debug|Any CPU
		{00F4A029-564E-4E63-82D9-A44A9C77D786}.Release|Any CPU.ActiveCfg = Release|Any CPU
		{00F4A029-564E-4E63-82D9-A44A9C77D786}.Release|Any CPU.Build.0 = Release|Any CPU
		{9F6EDAC7-A995-4400-A9FF-A0BA3B18BC3E}.Debug|Any CPU.ActiveCfg = Debug|Any CPU
		{9F6EDAC7-A995-4400-A9FF-A0BA3B18BC3E}.Debug|Any CPU.Build.0 = Debug|Any CPU
		{9F6EDAC7-A995-4400-A9FF-A0BA3B18BC3E}.Release|Any CPU.ActiveCfg = Release|Any CPU
		{9F6EDAC7-A995-4400-A9FF-A0BA3B18BC3E}.Release|Any CPU.Build.0 = Release|Any CPU
		{F2F91286-8B5F-4E07-AB71-AB6EC749A947}.Debug|Any CPU.ActiveCfg = Debug|Any CPU
		{F2F91286-8B5F-4E07-AB71-AB6EC749A947}.Debug|Any CPU.Build.0 = Debug|Any CPU
		{F2F91286-8B5F-4E07-AB71-AB6EC749A947}.Release|Any CPU.ActiveCfg = Release|Any CPU
		{F2F91286-8B5F-4E07-AB71-AB6EC749A947}.Release|Any CPU.Build.0 = Release|Any CPU
		{6C3C5726-4D4D-425A-8E37-678B987348A4}.Debug|Any CPU.ActiveCfg = Debug|Any CPU
		{6C3C5726-4D4D-425A-8E37-678B987348A4}.Debug|Any CPU.Build.0 = Debug|Any CPU
		{6C3C5726-4D4D-425A-8E37-678B987348A4}.Release|Any CPU.ActiveCfg = Release|Any CPU
		{6C3C5726-4D4D-425A-8E37-678B987348A4}.Release|Any CPU.Build.0 = Release|Any CPU
		{5BEDE602-BE0F-41C6-84C3-71F32CA68F70}.Debug|Any CPU.ActiveCfg = Debug|Any CPU
		{5BEDE602-BE0F-41C6-84C3-71F32CA68F70}.Debug|Any CPU.Build.0 = Debug|Any CPU
		{5BEDE602-BE0F-41C6-84C3-71F32CA68F70}.Release|Any CPU.ActiveCfg = Release|Any CPU
		{5BEDE602-BE0F-41C6-84C3-71F32CA68F70}.Release|Any CPU.Build.0 = Release|Any CPU
		{99F3CD19-2B8C-48F0-A58C-9DB671B30C02}.Debug|Any CPU.ActiveCfg = Debug|Any CPU
		{99F3CD19-2B8C-48F0-A58C-9DB671B30C02}.Debug|Any CPU.Build.0 = Debug|Any CPU
		{99F3CD19-2B8C-48F0-A58C-9DB671B30C02}.Release|Any CPU.ActiveCfg = Release|Any CPU
		{99F3CD19-2B8C-48F0-A58C-9DB671B30C02}.Release|Any CPU.Build.0 = Release|Any CPU
		{7EDD4687-74F4-4079-B659-9708D93B0308}.Debug|Any CPU.ActiveCfg = Debug|Any CPU
		{7EDD4687-74F4-4079-B659-9708D93B0308}.Debug|Any CPU.Build.0 = Debug|Any CPU
		{7EDD4687-74F4-4079-B659-9708D93B0308}.Release|Any CPU.ActiveCfg = Release|Any CPU
		{7EDD4687-74F4-4079-B659-9708D93B0308}.Release|Any CPU.Build.0 = Release|Any CPU
		{CEAE3158-5BFD-45B5-967F-799A721B5A5D}.Debug|Any CPU.ActiveCfg = Debug|Any CPU
		{CEAE3158-5BFD-45B5-967F-799A721B5A5D}.Debug|Any CPU.Build.0 = Debug|Any CPU
		{CEAE3158-5BFD-45B5-967F-799A721B5A5D}.Release|Any CPU.ActiveCfg = Release|Any CPU
		{CEAE3158-5BFD-45B5-967F-799A721B5A5D}.Release|Any CPU.Build.0 = Release|Any CPU
		{1CB73F42-AAA7-4CE0-9786-6A63A966269C}.Debug|Any CPU.ActiveCfg = Debug|Any CPU
		{1CB73F42-AAA7-4CE0-9786-6A63A966269C}.Debug|Any CPU.Build.0 = Debug|Any CPU
		{1CB73F42-AAA7-4CE0-9786-6A63A966269C}.Release|Any CPU.ActiveCfg = Release|Any CPU
		{1CB73F42-AAA7-4CE0-9786-6A63A966269C}.Release|Any CPU.Build.0 = Release|Any CPU
		{C05EBC5D-EF22-45DE-B9BF-4910A274CF3B}.Debug|Any CPU.ActiveCfg = Debug|Any CPU
		{C05EBC5D-EF22-45DE-B9BF-4910A274CF3B}.Debug|Any CPU.Build.0 = Debug|Any CPU
		{C05EBC5D-EF22-45DE-B9BF-4910A274CF3B}.Release|Any CPU.ActiveCfg = Release|Any CPU
		{C05EBC5D-EF22-45DE-B9BF-4910A274CF3B}.Release|Any CPU.Build.0 = Release|Any CPU
		{0872F0CC-729E-442E-988E-F9095B45341D}.Debug|Any CPU.ActiveCfg = Debug|Any CPU
		{0872F0CC-729E-442E-988E-F9095B45341D}.Debug|Any CPU.Build.0 = Debug|Any CPU
		{0872F0CC-729E-442E-988E-F9095B45341D}.Release|Any CPU.ActiveCfg = Release|Any CPU
		{0872F0CC-729E-442E-988E-F9095B45341D}.Release|Any CPU.Build.0 = Release|Any CPU
	EndGlobalSection
	GlobalSection(SolutionProperties) = preSolution
		HideSolutionNode = FALSE
	EndGlobalSection
	GlobalSection(NestedProjects) = preSolution
		{058309BD-8962-4F22-80BA-C1EC898D6919} = {9A1154FC-1DAE-47F9-9C13-C0F493DE0A32}
		{760FC520-A61E-42E6-A1E9-C3607F207F5B} = {2A1ECBE3-D464-4E22-AE92-E04E05EE4DC8}
		{00F4A029-564E-4E63-82D9-A44A9C77D786} = {2A1ECBE3-D464-4E22-AE92-E04E05EE4DC8}
		{9F6EDAC7-A995-4400-A9FF-A0BA3B18BC3E} = {2A1ECBE3-D464-4E22-AE92-E04E05EE4DC8}
		{F2F91286-8B5F-4E07-AB71-AB6EC749A947} = {9A1154FC-1DAE-47F9-9C13-C0F493DE0A32}
		{6C3C5726-4D4D-425A-8E37-678B987348A4} = {9A1154FC-1DAE-47F9-9C13-C0F493DE0A32}
		{5BEDE602-BE0F-41C6-84C3-71F32CA68F70} = {9A1154FC-1DAE-47F9-9C13-C0F493DE0A32}
		{99F3CD19-2B8C-48F0-A58C-9DB671B30C02} = {D302FDA1-EED0-45EC-BBCB-8F591328DFC4}
		{7EDD4687-74F4-4079-B659-9708D93B0308} = {D302FDA1-EED0-45EC-BBCB-8F591328DFC4}
		{CEAE3158-5BFD-45B5-967F-799A721B5A5D} = {D302FDA1-EED0-45EC-BBCB-8F591328DFC4}
		{1CB73F42-AAA7-4CE0-9786-6A63A966269C} = {282F7E64-5BAF-4C58-B27F-FE13B2A8FDD9}
		{C05EBC5D-EF22-45DE-B9BF-4910A274CF3B} = {282F7E64-5BAF-4C58-B27F-FE13B2A8FDD9}
		{0872F0CC-729E-442E-988E-F9095B45341D} = {282F7E64-5BAF-4C58-B27F-FE13B2A8FDD9}
	EndGlobalSection
	GlobalSection(ExtensibilityGlobals) = postSolution
		SolutionGuid = {84AF3F84-DA54-4022-B7E0-70EAAE71F3B8}
	EndGlobalSection
EndGlobal
